
Microsoft Visual Studio Solution File, Format Version 12.00
Project("{FAE04EC0-301F-11D3-BF4B-00C04F79EFBC}") = "cw1", "cw1\cw1.csproj", "{CC76ACEE-4B4B-4BD8-8DD0-DCB9CEF0141B}"
EndProject
Global
	GlobalSection(SolutionConfigurationPlatforms) = preSolution
		Debug|Any CPU = Debug|Any CPU
		Release|Any CPU = Release|Any CPU
	EndGlobalSection
	GlobalSection(ProjectConfigurationPlatforms) = postSolution
		{CC76ACEE-4B4B-4BD8-8DD0-DCB9CEF0141B}.Debug|Any CPU.ActiveCfg = Debug|Any CPU
		{CC76ACEE-4B4B-4BD8-8DD0-DCB9CEF0141B}.Debug|Any CPU.Build.0 = Debug|Any CPU
		{CC76ACEE-4B4B-4BD8-8DD0-DCB9CEF0141B}.Release|Any CPU.ActiveCfg = Release|Any CPU
		{CC76ACEE-4B4B-4BD8-8DD0-DCB9CEF0141B}.Release|Any CPU.Build.0 = Release|Any CPU
	EndGlobalSection
EndGlobal
